
Microsoft Visual Studio Solution File, Format Version 12.00
# Visual Studio Version 17
VisualStudioVersion = 17.8.34322.80
MinimumVisualStudioVersion = 10.0.40219.1
Project("{9A19103F-16F7-4668-BE54-9A1E7A4F7556}") = "KoeBook", "KoeBook\KoeBook.csproj", "{DFB05684-6A80-4123-BA40-615C2B987174}"
EndProject
Project("{9A19103F-16F7-4668-BE54-9A1E7A4F7556}") = "KoeBook.Core", "KoeBook.Core\KoeBook.Core.csproj", "{50444E76-C6A7-40AF-879C-0AD88A287510}"
EndProject
Project("{9A19103F-16F7-4668-BE54-9A1E7A4F7556}") = "KoeBook.Common", "KoeBook.Common\KoeBook.Common.csproj", "{1E5B40AE-1D42-40D0-85D1-E921B17BFA69}"
EndProject
Project("{9A19103F-16F7-4668-BE54-9A1E7A4F7556}") = "KoeBook.Epub", "Epub\KoeBook.Epub\KoeBook.Epub.csproj", "{1DE55F58-E4F3-4077-A241-AFFD736A2B01}"
EndProject
Project("{FAE04EC0-301F-11D3-BF4B-00C04F79EFBC}") = "KoeBook.Test", "KoeBook.Test\KoeBook.Test.csproj", "{67CEB31C-B026-499A-83B4-528914EABDBF}"
EndProject
Global
	GlobalSection(SolutionConfigurationPlatforms) = preSolution
		Debug|Any CPU = Debug|Any CPU
		Debug|arm64 = Debug|arm64
		Debug|x64 = Debug|x64
		Debug|x86 = Debug|x86
		Release|Any CPU = Release|Any CPU
		Release|arm64 = Release|arm64
		Release|x64 = Release|x64
		Release|x86 = Release|x86
	EndGlobalSection
	GlobalSection(ProjectConfigurationPlatforms) = postSolution
		{DFB05684-6A80-4123-BA40-615C2B987174}.Debug|Any CPU.ActiveCfg = Debug|x64
		{DFB05684-6A80-4123-BA40-615C2B987174}.Debug|Any CPU.Build.0 = Debug|x64
		{DFB05684-6A80-4123-BA40-615C2B987174}.Debug|Any CPU.Deploy.0 = Debug|x64
		{DFB05684-6A80-4123-BA40-615C2B987174}.Debug|arm64.ActiveCfg = Debug|arm64
		{DFB05684-6A80-4123-BA40-615C2B987174}.Debug|arm64.Build.0 = Debug|arm64
		{DFB05684-6A80-4123-BA40-615C2B987174}.Debug|arm64.Deploy.0 = Debug|arm64
		{DFB05684-6A80-4123-BA40-615C2B987174}.Debug|x64.ActiveCfg = Debug|x64
		{DFB05684-6A80-4123-BA40-615C2B987174}.Debug|x64.Build.0 = Debug|x64
		{DFB05684-6A80-4123-BA40-615C2B987174}.Debug|x64.Deploy.0 = Debug|x64
		{DFB05684-6A80-4123-BA40-615C2B987174}.Debug|x86.ActiveCfg = Debug|x86
		{DFB05684-6A80-4123-BA40-615C2B987174}.Debug|x86.Build.0 = Debug|x86
		{DFB05684-6A80-4123-BA40-615C2B987174}.Debug|x86.Deploy.0 = Debug|x86
		{DFB05684-6A80-4123-BA40-615C2B987174}.Release|Any CPU.ActiveCfg = Release|x64
		{DFB05684-6A80-4123-BA40-615C2B987174}.Release|Any CPU.Build.0 = Release|x64
		{DFB05684-6A80-4123-BA40-615C2B987174}.Release|Any CPU.Deploy.0 = Release|x64
		{DFB05684-6A80-4123-BA40-615C2B987174}.Release|arm64.ActiveCfg = Release|arm64
		{DFB05684-6A80-4123-BA40-615C2B987174}.Release|arm64.Build.0 = Release|arm64
		{DFB05684-6A80-4123-BA40-615C2B987174}.Release|arm64.Deploy.0 = Release|arm64
		{DFB05684-6A80-4123-BA40-615C2B987174}.Release|x64.ActiveCfg = Release|x64
		{DFB05684-6A80-4123-BA40-615C2B987174}.Release|x64.Build.0 = Release|x64
		{DFB05684-6A80-4123-BA40-615C2B987174}.Release|x64.Deploy.0 = Release|x64
		{DFB05684-6A80-4123-BA40-615C2B987174}.Release|x86.ActiveCfg = Release|x86
		{DFB05684-6A80-4123-BA40-615C2B987174}.Release|x86.Build.0 = Release|x86
		{DFB05684-6A80-4123-BA40-615C2B987174}.Release|x86.Deploy.0 = Release|x86
		{50444E76-C6A7-40AF-879C-0AD88A287510}.Debug|Any CPU.ActiveCfg = Debug|Any CPU
		{50444E76-C6A7-40AF-879C-0AD88A287510}.Debug|Any CPU.Build.0 = Debug|Any CPU
		{50444E76-C6A7-40AF-879C-0AD88A287510}.Debug|arm64.ActiveCfg = Debug|arm64
		{50444E76-C6A7-40AF-879C-0AD88A287510}.Debug|arm64.Build.0 = Debug|arm64
		{50444E76-C6A7-40AF-879C-0AD88A287510}.Debug|x64.ActiveCfg = Debug|x64
		{50444E76-C6A7-40AF-879C-0AD88A287510}.Debug|x64.Build.0 = Debug|x64
		{50444E76-C6A7-40AF-879C-0AD88A287510}.Debug|x86.ActiveCfg = Debug|x86
		{50444E76-C6A7-40AF-879C-0AD88A287510}.Debug|x86.Build.0 = Debug|x86
		{50444E76-C6A7-40AF-879C-0AD88A287510}.Release|Any CPU.ActiveCfg = Release|Any CPU
		{50444E76-C6A7-40AF-879C-0AD88A287510}.Release|Any CPU.Build.0 = Release|Any CPU
		{50444E76-C6A7-40AF-879C-0AD88A287510}.Release|arm64.ActiveCfg = Release|arm64
		{50444E76-C6A7-40AF-879C-0AD88A287510}.Release|arm64.Build.0 = Release|arm64
		{50444E76-C6A7-40AF-879C-0AD88A287510}.Release|x64.ActiveCfg = Release|x64
		{50444E76-C6A7-40AF-879C-0AD88A287510}.Release|x64.Build.0 = Release|x64
		{50444E76-C6A7-40AF-879C-0AD88A287510}.Release|x86.ActiveCfg = Release|x86
		{50444E76-C6A7-40AF-879C-0AD88A287510}.Release|x86.Build.0 = Release|x86
		{1E5B40AE-1D42-40D0-85D1-E921B17BFA69}.Debug|Any CPU.ActiveCfg = Debug|Any CPU
		{1E5B40AE-1D42-40D0-85D1-E921B17BFA69}.Debug|Any CPU.Build.0 = Debug|Any CPU
		{1E5B40AE-1D42-40D0-85D1-E921B17BFA69}.Debug|arm64.ActiveCfg = Debug|Any CPU
		{1E5B40AE-1D42-40D0-85D1-E921B17BFA69}.Debug|arm64.Build.0 = Debug|Any CPU
		{1E5B40AE-1D42-40D0-85D1-E921B17BFA69}.Debug|x64.ActiveCfg = Debug|Any CPU
		{1E5B40AE-1D42-40D0-85D1-E921B17BFA69}.Debug|x64.Build.0 = Debug|Any CPU
		{1E5B40AE-1D42-40D0-85D1-E921B17BFA69}.Debug|x86.ActiveCfg = Debug|Any CPU
		{1E5B40AE-1D42-40D0-85D1-E921B17BFA69}.Debug|x86.Build.0 = Debug|Any CPU
		{1E5B40AE-1D42-40D0-85D1-E921B17BFA69}.Release|Any CPU.ActiveCfg = Release|Any CPU
		{1E5B40AE-1D42-40D0-85D1-E921B17BFA69}.Release|Any CPU.Build.0 = Release|Any CPU
		{1E5B40AE-1D42-40D0-85D1-E921B17BFA69}.Release|arm64.ActiveCfg = Release|Any CPU
		{1E5B40AE-1D42-40D0-85D1-E921B17BFA69}.Release|arm64.Build.0 = Release|Any CPU
		{1E5B40AE-1D42-40D0-85D1-E921B17BFA69}.Release|x64.ActiveCfg = Release|Any CPU
		{1E5B40AE-1D42-40D0-85D1-E921B17BFA69}.Release|x64.Build.0 = Release|Any CPU
		{1E5B40AE-1D42-40D0-85D1-E921B17BFA69}.Release|x86.ActiveCfg = Release|Any CPU
		{1E5B40AE-1D42-40D0-85D1-E921B17BFA69}.Release|x86.Build.0 = Release|Any CPU
		{1DE55F58-E4F3-4077-A241-AFFD736A2B01}.Debug|Any CPU.ActiveCfg = Debug|Any CPU
		{1DE55F58-E4F3-4077-A241-AFFD736A2B01}.Debug|Any CPU.Build.0 = Debug|Any CPU
		{1DE55F58-E4F3-4077-A241-AFFD736A2B01}.Debug|arm64.ActiveCfg = Debug|Any CPU
		{1DE55F58-E4F3-4077-A241-AFFD736A2B01}.Debug|arm64.Build.0 = Debug|Any CPU
		{1DE55F58-E4F3-4077-A241-AFFD736A2B01}.Debug|x64.ActiveCfg = Debug|Any CPU
		{1DE55F58-E4F3-4077-A241-AFFD736A2B01}.Debug|x64.Build.0 = Debug|Any CPU
		{1DE55F58-E4F3-4077-A241-AFFD736A2B01}.Debug|x86.ActiveCfg = Debug|Any CPU
		{1DE55F58-E4F3-4077-A241-AFFD736A2B01}.Debug|x86.Build.0 = Debug|Any CPU
		{1DE55F58-E4F3-4077-A241-AFFD736A2B01}.Release|Any CPU.ActiveCfg = Release|Any CPU
		{1DE55F58-E4F3-4077-A241-AFFD736A2B01}.Release|Any CPU.Build.0 = Release|Any CPU
		{1DE55F58-E4F3-4077-A241-AFFD736A2B01}.Release|arm64.ActiveCfg = Release|Any CPU
		{1DE55F58-E4F3-4077-A241-AFFD736A2B01}.Release|arm64.Build.0 = Release|Any CPU
		{1DE55F58-E4F3-4077-A241-AFFD736A2B01}.Release|x64.ActiveCfg = Release|Any CPU
		{1DE55F58-E4F3-4077-A241-AFFD736A2B01}.Release|x64.Build.0 = Release|Any CPU
		{1DE55F58-E4F3-4077-A241-AFFD736A2B01}.Release|x86.ActiveCfg = Release|Any CPU
		{1DE55F58-E4F3-4077-A241-AFFD736A2B01}.Release|x86.Build.0 = Release|Any CPU
		{67CEB31C-B026-499A-83B4-528914EABDBF}.Debug|Any CPU.ActiveCfg = Debug|Any CPU
		{67CEB31C-B026-499A-83B4-528914EABDBF}.Debug|Any CPU.Build.0 = Debug|Any CPU
		{67CEB31C-B026-499A-83B4-528914EABDBF}.Debug|arm64.ActiveCfg = Debug|Any CPU
		{67CEB31C-B026-499A-83B4-528914EABDBF}.Debug|arm64.Build.0 = Debug|Any CPU
		{67CEB31C-B026-499A-83B4-528914EABDBF}.Debug|x64.ActiveCfg = Debug|Any CPU
		{67CEB31C-B026-499A-83B4-528914EABDBF}.Debug|x64.Build.0 = Debug|Any CPU
		{67CEB31C-B026-499A-83B4-528914EABDBF}.Debug|x86.ActiveCfg = Debug|Any CPU
		{67CEB31C-B026-499A-83B4-528914EABDBF}.Debug|x86.Build.0 = Debug|Any CPU
		{67CEB31C-B026-499A-83B4-528914EABDBF}.Release|Any CPU.ActiveCfg = Release|Any CPU
		{67CEB31C-B026-499A-83B4-528914EABDBF}.Release|Any CPU.Build.0 = Release|Any CPU
		{67CEB31C-B026-499A-83B4-528914EABDBF}.Release|arm64.ActiveCfg = Release|Any CPU
		{67CEB31C-B026-499A-83B4-528914EABDBF}.Release|arm64.Build.0 = Release|Any CPU
		{67CEB31C-B026-499A-83B4-528914EABDBF}.Release|x64.ActiveCfg = Release|Any CPU
		{67CEB31C-B026-499A-83B4-528914EABDBF}.Release|x64.Build.0 = Release|Any CPU
		{67CEB31C-B026-499A-83B4-528914EABDBF}.Release|x86.ActiveCfg = Release|Any CPU
		{67CEB31C-B026-499A-83B4-528914EABDBF}.Release|x86.Build.0 = Release|Any CPU
	EndGlobalSection
	GlobalSection(SolutionProperties) = preSolution
		HideSolutionNode = FALSE
	EndGlobalSection
	GlobalSection(ExtensibilityGlobals) = postSolution
		SolutionGuid = {A91D9B8C-C070-479D-83B6-D90BFCA569CE}
	EndGlobalSection
EndGlobal
