Microsoft Visual Studio Solution File, Format Version 12.00
# Visual Studio Version 17
VisualStudioVersion = 17.10.34607.79
MinimumVisualStudioVersion = 10.0.40219.1
Project("{9A19103F-16F7-4668-BE54-9A1E7A4F7556}") = "KoeBook.Epub", "KoeBook.Epub\KoeBook.Epub.csproj", "{E8E224F2-D1E9-437E-8222-FF2F33DB3FCD}"
EndProject
Project("{9A19103F-16F7-4668-BE54-9A1E7A4F7556}") = "EpubConsoleApp", "EpubConsoleApp\EpubConsoleApp.csproj", "{DE1F3CE9-4F3B-4428-9293-D18446F333D8}"
EndProject
Global
	GlobalSection(SolutionConfigurationPlatforms) = preSolution
		Debug|Any CPU = Debug|Any CPU
		Release|Any CPU = Release|Any CPU
	EndGlobalSection
	GlobalSection(ProjectConfigurationPlatforms) = postSolution
		{E8E224F2-D1E9-437E-8222-FF2F33DB3FCD}.Debug|Any CPU.ActiveCfg = Debug|Any CPU
		{E8E224F2-D1E9-437E-8222-FF2F33DB3FCD}.Debug|Any CPU.Build.0 = Debug|Any CPU
		{E8E224F2-D1E9-437E-8222-FF2F33DB3FCD}.Release|Any CPU.ActiveCfg = Release|Any CPU
		{E8E224F2-D1E9-437E-8222-FF2F33DB3FCD}.Release|Any CPU.Build.0 = Release|Any CPU
		{DE1F3CE9-4F3B-4428-9293-D18446F333D8}.Debug|Any CPU.ActiveCfg = Debug|Any CPU
		{DE1F3CE9-4F3B-4428-9293-D18446F333D8}.Debug|Any CPU.Build.0 = Debug|Any CPU
		{DE1F3CE9-4F3B-4428-9293-D18446F333D8}.Release|Any CPU.ActiveCfg = Release|Any CPU
		{DE1F3CE9-4F3B-4428-9293-D18446F333D8}.Release|Any CPU.Build.0 = Release|Any CPU
	EndGlobalSection
	GlobalSection(SolutionProperties) = preSolution
		HideSolutionNode = FALSE
	EndGlobalSection
	GlobalSection(ExtensibilityGlobals) = postSolution
		SolutionGuid = {BAD95EC1-DABB-42FB-84B0-E429779EEEDA}
	EndGlobalSection
EndGlobal
